{
  "lockfileVersion": 1,
  "configVersion": 1,
  "workspaces": {
    "": {
      "name": "router-agent",
      "dependencies": {
        "dotenv": "^17.3.0",
        "kafkajs": "^2.2.4",
        "openai": "^6.25.0",
        "zod": "^4.3.6",
      },
    },
  },
  "packages": {
    "dotenv": ["dotenv@17.3.0", "", {}, "sha512-i3z5dx/8F45f+Dj0B/qG8oKip9luzyHz6dfJMOKG7zQW/12tT7CrIjs/0J10uNK/Z5O7O0UtfEmx6yFKRQCl4g=="],

    "kafkajs": ["kafkajs@2.2.4", "", {}, "sha512-j/YeapB1vfPT2iOIUn/vxdyKEuhuY2PxMBvf5JWux6iSaukAccrMtXEY/Lb7OvavDhOWME589bpLrEdnVHjfjA=="],

    "openai": ["openai@6.25.0", "", { "peerDependencies": { "ws": "^8.18.0", "zod": "^3.25 || ^4.0" }, "optionalPeers": ["ws", "zod"], "bin": { "openai": "bin/cli" } }, "sha512-mEh6VZ2ds2AGGokWARo18aPISI1OhlgdEIC1ewhkZr8pSIT31dec0ecr9Nhxx0JlybyOgoAT1sWeKtwPZzJyww=="],

    "zod": ["zod@4.3.6", "", {}, "sha512-rftlrkhHZOcjDwkGlnUtZZkvaPHCsDATp4pGpuOOMDaTdDDXF91wuVDJoWoPsKX/3YPQ5fHuF3STjcYyKr+Qhg=="],
  }
}
