{
  "lockfileVersion": 1,
  "configVersion": 1,
  "workspaces": {
    "": {
      "name": "aggregator",
      "dependencies": {
        "kafkajs": "^2.2.4",
        "openai": "^6.21.0",
        "zod": "^4.3.6",
      },
    },
  },
  "packages": {
    "kafkajs": ["kafkajs@2.2.4", "", {}, "sha512-j/YeapB1vfPT2iOIUn/vxdyKEuhuY2PxMBvf5JWux6iSaukAccrMtXEY/Lb7OvavDhOWME589bpLrEdnVHjfjA=="],

    "openai": ["openai@6.21.0", "", { "peerDependencies": { "ws": "^8.18.0", "zod": "^3.25 || ^4.0" }, "optionalPeers": ["ws", "zod"], "bin": { "openai": "bin/cli" } }, "sha512-26dQFi76dB8IiN/WKGQOV+yKKTTlRCxQjoi2WLt0kMcH8pvxVyvfdBDkld5GTl7W1qvBpwVOtFcsqktj3fBRpA=="],

    "zod": ["zod@4.3.6", "", {}, "sha512-rftlrkhHZOcjDwkGlnUtZZkvaPHCsDATp4pGpuOOMDaTdDDXF91wuVDJoWoPsKX/3YPQ5fHuF3STjcYyKr+Qhg=="],
  }
}
